
Microsoft Visual Studio Solution File, Format Version 12.00
# Visual Studio Version 16
VisualStudioVersion = 16.0.34601.136
MinimumVisualStudioVersion = 10.0.40219.1
Project("{FAE04EC0-301F-11D3-BF4B-00C04F79EFBC}") = "TP2_FigurasGeometricas_NicoRead", "TP2_FigurasGeometricas_NicoRead\TP2_FigurasGeometricas_NicoRead.csproj", "{E446767D-8EA5-41BB-99C9-F036EFDE1716}"
EndProject
Global
	GlobalSection(SolutionConfigurationPlatforms) = preSolution
		Debug|Any CPU = Debug|Any CPU
		Release|Any CPU = Release|Any CPU
	EndGlobalSection
	GlobalSection(ProjectConfigurationPlatforms) = postSolution
		{E446767D-8EA5-41BB-99C9-F036EFDE1716}.Debug|Any CPU.ActiveCfg = Debug|Any CPU
		{E446767D-8EA5-41BB-99C9-F036EFDE1716}.Debug|Any CPU.Build.0 = Debug|Any CPU
		{E446767D-8EA5-41BB-99C9-F036EFDE1716}.Release|Any CPU.ActiveCfg = Release|Any CPU
		{E446767D-8EA5-41BB-99C9-F036EFDE1716}.Release|Any CPU.Build.0 = Release|Any CPU
	EndGlobalSection
	GlobalSection(SolutionProperties) = preSolution
		HideSolutionNode = FALSE
	EndGlobalSection
	GlobalSection(ExtensibilityGlobals) = postSolution
		SolutionGuid = {DF9A17C3-7A9F-4E5C-9E4E-56DF61C9B51B}
	EndGlobalSection
EndGlobal
